<?xml version="1.0" encoding="utf-8"?>
<Project ToolsVersion="4.0" xmlns="http://schemas.microsoft.com/developer/msbuild/2003">
  <ItemGroup>
    <ClCompile Include="src\Lapis-testing.cpp" />
    <ClCompile Include="src\DataTypes.cpp" />
    <ClCompile Include="src\utils\hsl-to-rgb.cpp" />
    <ClCompile Include="src\Backend.cpp" />
    <ClCompile Include="src\2d.cpp" />
    <ClCompile Include="src\3d.cpp" />
    <ClCompile Include="src\Material.cpp" />
  </ItemGroup>
  <ItemGroup>
    <ClInclude Include="src\DataTypes.hpp" />
    <ClInclude Include="src\utils\hsl-to-rgb.hpp" />
    <ClInclude Include="src\Backend.h" />
    <ClInclude Include="src\2d.h" />
    <ClInclude Include="src\3d.h" />
    <ClInclude Include="src\Material.h" />
    <ClInclude Include="src\Helpers.h" />
    <ClInclude Include="src\utils\ReadData.h" />
    <ClInclude Include="src\shaders\DefaultShaders.h" />
    <ClInclude Include="src\shaders\compiled\UI_pixel.h" />
    <ClInclude Include="src\shaders\compiled\UI_vertex.h" />
  </ItemGroup>
  <ItemGroup>
    <None Include="src\shaders\unlit.shader" />
    <None Include="src\shaders\RGBHSL.hlsli" />
    <None Include="src\shaders\ShaderToy1.hlsli" />
    <None Include="src\shaders\ShaderToy2.hlsli" />
    <None Include="src\shaders\DefaultStructs.hlsli" />
  </ItemGroup>
  <ItemGroup>
    <FxCompile Include="src\shaders\UI_vertex.hlsl" />
    <FxCompile Include="src\shaders\UI_pixel.hlsl" />
    <FxCompile Include="src\shaders\UNLIT_pixel.hlsl" />
    <FxCompile Include="src\shaders\UNLIT3D_vertex.hlsl" />
  </ItemGroup>
</Project>