<?xml version="1.0" encoding="utf-8"?>
<Project ToolsVersion="4.0" xmlns="http://schemas.microsoft.com/developer/msbuild/2003">
  <ItemGroup>
    <ClCompile Include="src\engine\LapisTypes.cpp" />
    <ClCompile Include="src\utils\hsl-to-rgb.cpp" />
    <ClCompile Include="src\engine\Backend.cpp" />
    <ClCompile Include="src\engine\2d.cpp" />
    <ClCompile Include="src\engine\3d.cpp" />
    <ClCompile Include="src\engine\Material.cpp" />
    <ClCompile Include="src\WinMain.cpp" />
    <ClCompile Include="src\engine\LapisEngine.cpp" />
    <ClCompile Include="src\engine\LapisInternalTypes.cpp" />
  </ItemGroup>
  <ItemGroup>
    <ClInclude Include="src\engine\LapisTypes.h" />
    <ClInclude Include="src\utils\hsl-to-rgb.hpp" />
    <ClInclude Include="src\engine\Backend.h" />
    <ClInclude Include="src\engine\2d.h" />
    <ClInclude Include="src\engine\3d.h" />
    <ClInclude Include="src\engine\Material.h" />
    <ClInclude Include="src\engine\Helpers.h" />
    <ClInclude Include="src\engine\shaders\DefaultShaders.h" />
    <ClInclude Include="src\engine\shaders\compiled\UI_pixel.h" />
    <ClInclude Include="src\engine\shaders\compiled\UI_vertex.h" />
    <ClInclude Include="src\engine\shaders\compiled\DEFAULTSHADER__UI_pixel.h" />
    <ClInclude Include="src\engine\shaders\compiled\DEFAULTSHADER__UI_vertex.h" />
    <ClInclude Include="src\engine\shaders\compiled\DEFAULTSHADER__UNLIT_pixel.h" />
    <ClInclude Include="src\engine\shaders\compiled\DEFAULTSHADER__UNLIT3D_vertex.h" />
    <ClInclude Include="src\engine\shaders\compiled\UNLIT_pixel.h" />
    <ClInclude Include="src\engine\shaders\compiled\UNLIT3d_vertex.h" />
    <ClInclude Include="src\engine\LapisEngine.h" />
    <ClInclude Include="src\engine\LapisInternalTypes.h" />
    <ClInclude Include="src\engine\shaders\compiled\DEFAULTSHADER__CIRCLE_pixel.h" />
  </ItemGroup>
  <ItemGroup>
    <None Include="src\engine\shaders\unlit.shader" />
    <None Include="src\engine\shaders\ShaderToy1.hlsli" />
    <None Include="src\engine\shaders\ShaderToy2.hlsli" />
    <None Include="src\engine\shaders\DefaultStructs.hlsli" />
    <None Include="src\engine\shaders\RGBHSL.hlsli" />
  </ItemGroup>
  <ItemGroup>
    <FxCompile Include="src\engine\shaders\DEFAULTSHADER__UI_vertex.hlsl" />
    <FxCompile Include="src\engine\shaders\DEFAULTSHADER__UI_pixel.hlsl" />
    <FxCompile Include="src\engine\shaders\DEFAULTSHADER__UNLIT_pixel.hlsl" />
    <FxCompile Include="src\engine\shaders\DEFAULTSHADER__UNLIT3D_vertex.hlsl" />
    <FxCompile Include="src\engine\shaders\DEFAULTSHADER__CIRCLE_pixel.hlsl" />
  </ItemGroup>
</Project>