<?xml version="1.0" encoding="utf-8"?>
<Project ToolsVersion="4.0" xmlns="http://schemas.microsoft.com/developer/msbuild/2003">
  <ItemGroup>
    <ClCompile Include="src\utils\hsl-to-rgb.cpp" />
    <ClCompile Include="src\WinMain.cpp" />
    <ClCompile Include="src\Lapis\Engine.cpp" />
    <ClCompile Include="src\Lapis\LapisTypes.cpp" />
    <ClCompile Include="src\Lapis\Backend.cpp" />
    <ClCompile Include="src\Lapis\InternalTypes.cpp" />
    <ClCompile Include="src\Lapis\Draw\D2.cpp" />
    <ClCompile Include="src\Lapis\Draw\D3.cpp" />
  </ItemGroup>
  <ItemGroup>
    <ClInclude Include="src\utils\hsl-to-rgb.hpp" />
    <ClInclude Include="src\engine\shaders\compiled\UI_pixel.h" />
    <ClInclude Include="src\engine\shaders\compiled\UI_vertex.h" />
    <ClInclude Include="src\engine\shaders\compiled\UNLIT_pixel.h" />
    <ClInclude Include="src\engine\shaders\compiled\UNLIT3d_vertex.h" />
    <ClInclude Include="src\Lapis\Engine.h" />
    <ClInclude Include="src\Lapis\LapisTypes.h" />
    <ClInclude Include="src\Lapis\Backend.h" />
    <ClInclude Include="src\Lapis\InternalTypes.h" />
    <ClInclude Include="src\Lapis\Helpers.h" />
    <ClInclude Include="src\Lapis\shaders\DefaultShaders.h" />
    <ClInclude Include="src\Lapis\Draw\D2.h" />
    <ClInclude Include="src\Lapis\Draw\D3.h" />
    <ClInclude Include="src\Lapis\shaders\compiled\DEFAULTSHADER__CIRCLE_pixel.h" />
    <ClInclude Include="src\Lapis\shaders\compiled\DEFAULTSHADER__UI_pixel.h" />
    <ClInclude Include="src\Lapis\shaders\compiled\DEFAULTSHADER__UI_vertex.h" />
    <ClInclude Include="src\Lapis\shaders\compiled\DEFAULTSHADER__UNLIT_pixel.h" />
    <ClInclude Include="src\Lapis\shaders\compiled\DEFAULTSHADER__UNLIT3D_vertex.h" />
  </ItemGroup>
  <ItemGroup>
    <None Include="src\Lapis\shaders\DefaultStructs.hlsli" />
  </ItemGroup>
  <ItemGroup>
    <FxCompile Include="src\Lapis\shaders\DEFAULTSHADER__CIRCLE_pixel.hlsl" />
    <FxCompile Include="src\Lapis\shaders\DEFAULTSHADER__UNLIT3D_vertex.hlsl" />
    <FxCompile Include="src\Lapis\shaders\DEFAULTSHADER__UNLIT_pixel.hlsl" />
    <FxCompile Include="src\Lapis\shaders\DEFAULTSHADER__UI_vertex.hlsl" />
    <FxCompile Include="src\Lapis\shaders\DEFAULTSHADER__UI_pixel.hlsl" />
  </ItemGroup>
</Project>